github.com/Jason-Duffy/tinyfmt v0.1.2 h1:faiMW1z5roud/0oRwUJW0tRKPhYJPqljpZkInMZlJRA=
github.com/Jason-Duffy/tinyfmt v0.1.2/go.mod h1:1sGE/xO1DAtDLuhUC3cfbK5yYZhuPfqUboieQyMfa04=
github.com/Jason-Duffy/tinystrconv v0.1.1 h1:Brfe7vQuaTLG/VZcXAjf8t11j5gvFKV1W70FLNDBfLw=
github.com/Jason-Duffy/tinystrconv v0.1.1/go.mod h1:4tYwGu0e8AChF6V20HwTIP6qtH0dNz9d/o9oOQ84Crs=
