github.com/Jason-Duffy/tinyfmt v0.2.0 h1:geXwqLraUw2FZ0DLivZutucroKRPyeg5etd/Y172KDA=
github.com/Jason-Duffy/tinyfmt v0.2.0/go.mod h1:buHkFBmuxc13gCo6rvD5Q9TN9T/Zx5VHQSSvKU/HtGM=
github.com/Jason-Duffy/tinystrconv v1.0.0 h1:XbH8kHCiCd+Ah/Kmabyixrw6NQ8j4YvKaak7M7tSkFE=
github.com/Jason-Duffy/tinystrconv v1.0.0/go.mod h1:l2ftrRxRAyMddkpXkfR0OecfjebKSLWdiKBUEfmLl2I=
